{
  "name": "cdk-deploy",
  "version": "0.1.0",
  "lockfileVersion": 2,
  "requires": true,
  "packages": {
    "": {
      "name": "cdk-deploy",
      "version": "0.1.0",
      "license": "MIT",
      "dependencies": {
        "cdk": "^2.177.0"
      }
    },
    "node_modules/aws-cdk": {
      "version": "2.1114.1",
      "resolved": "https://registry.npmjs.org/aws-cdk/-/aws-cdk-2.1114.1.tgz",
      "integrity": "sha512-jMaKPWQQs1G6AbhfCQG2zGrgAhTxzP0jn4T2CuwONuvcV374dMPhfC/LBAv48ruSOgpCK9x6V1xeO/aH3EchAA==",
      "license": "Apache-2.0",
      "bin": {
        "cdk": "bin/cdk"
      },
      "engines": {
        "node": ">= 18.0.0"
      }
    },
    "node_modules/cdk": {
      "version": "2.1114.1",
      "resolved": "https://registry.npmjs.org/cdk/-/cdk-2.1114.1.tgz",
      "integrity": "sha512-gleHqKdqVQmtpwVngMM9rjiAxNUV+4tgS1heIifjlQ1viLDLz7j0f1uW7cI9DrLxFLhH//h2ZViyl5Es0iVUMw==",
      "license": "Apache-2.0",
      "dependencies": {
        "aws-cdk": "2.1114.1"
      },
      "bin": {
        "cdk": "bin/cdk"
      },
      "engines": {
        "node": ">= 18.0.0"
      }
    }
  },
  "dependencies": {
    "aws-cdk": {
      "version": "2.1114.1",
      "resolved": "https://registry.npmjs.org/aws-cdk/-/aws-cdk-2.1114.1.tgz",
      "integrity": "sha512-jMaKPWQQs1G6AbhfCQG2zGrgAhTxzP0jn4T2CuwONuvcV374dMPhfC/LBAv48ruSOgpCK9x6V1xeO/aH3EchAA=="
    },
    "cdk": {
      "version": "2.1114.1",
      "resolved": "https://registry.npmjs.org/cdk/-/cdk-2.1114.1.tgz",
      "integrity": "sha512-gleHqKdqVQmtpwVngMM9rjiAxNUV+4tgS1heIifjlQ1viLDLz7j0f1uW7cI9DrLxFLhH//h2ZViyl5Es0iVUMw==",
      "requires": {
        "aws-cdk": "2.1114.1"
      }
    }
  }
}
